// !$*UTF8*$!
{
	archiveVersion = 1;
	classes = {
	};
	objectVersion = 56;
	objects = {

/* Begin PBXBuildFile section */
		C26BCB012C045906000377E4 /* PortfolioContainer.xcdatamodeld in Sources */ = {isa = PBXBuildFile; fileRef = C26BCAFF2C045906000377E4 /* PortfolioContainer.xcdatamodeld */; };
		C26BCB032C045D67000377E4 /* PortfolioDataService.swift in Sources */ = {isa = PBXBuildFile; fileRef = C26BCB022C045D67000377E4 /* PortfolioDataService.swift */; };
		C28381C72C0078C6001952C3 /* XMarkButton.swift in Sources */ = {isa = PBXBuildFile; fileRef = C28381C62C0078C6001952C3 /* XMarkButton.swift */; };
		C28381C92C007DE2001952C3 /* CoinLogoView.swift in Sources */ = {isa = PBXBuildFile; fileRef = C28381C82C007DE2001952C3 /* CoinLogoView.swift */; };
		C29127332C0060A500CBEC05 /* PortfolioView.swift in Sources */ = {isa = PBXBuildFile; fileRef = C29127322C0060A500CBEC05 /* PortfolioView.swift */; };
		C2918F9A2BFDACCB00701331 /* HomeViewModel.swift in Sources */ = {isa = PBXBuildFile; fileRef = C2918F992BFDACCB00701331 /* HomeViewModel.swift */; };
		C2918F9D2BFDB67B00701331 /* CoinDataService.swift in Sources */ = {isa = PBXBuildFile; fileRef = C2918F9C2BFDB67B00701331 /* CoinDataService.swift */; };
		C2918FA02BFDCDB700701331 /* NetworkingManager.swift in Sources */ = {isa = PBXBuildFile; fileRef = C2918F9F2BFDCDB700701331 /* NetworkingManager.swift */; };
		C2918FA32BFDEDCE00701331 /* CoinImageView.swift in Sources */ = {isa = PBXBuildFile; fileRef = C2918FA22BFDEDCE00701331 /* CoinImageView.swift */; };
		C2918FA52BFDFC4500701331 /* CoinImageService.swift in Sources */ = {isa = PBXBuildFile; fileRef = C2918FA42BFDFC4500701331 /* CoinImageService.swift */; };
		C2918FA72BFE011300701331 /* CoinImageViewModel.swift in Sources */ = {isa = PBXBuildFile; fileRef = C2918FA62BFE011300701331 /* CoinImageViewModel.swift */; };
		C2918FA92BFE06E200701331 /* LocalFileManager.swift in Sources */ = {isa = PBXBuildFile; fileRef = C2918FA82BFE06E200701331 /* LocalFileManager.swift */; };
		C29290A82C05BD1E000B9D61 /* HapticManager.swift in Sources */ = {isa = PBXBuildFile; fileRef = C29290A72C05BD1E000B9D61 /* HapticManager.swift */; };
		C299A30C2BFC7F0A00C673E9 /* SwiftfulCryptoApp.swift in Sources */ = {isa = PBXBuildFile; fileRef = C299A30B2BFC7F0A00C673E9 /* SwiftfulCryptoApp.swift */; };
		C299A30E2BFC7F0A00C673E9 /* ContentView.swift in Sources */ = {isa = PBXBuildFile; fileRef = C299A30D2BFC7F0A00C673E9 /* ContentView.swift */; };
		C299A3102BFC7F0C00C673E9 /* Assets.xcassets in Resources */ = {isa = PBXBuildFile; fileRef = C299A30F2BFC7F0C00C673E9 /* Assets.xcassets */; };
		C299A3132BFC7F0C00C673E9 /* Preview Assets.xcassets in Resources */ = {isa = PBXBuildFile; fileRef = C299A3122BFC7F0C00C673E9 /* Preview Assets.xcassets */; };
		C299A31B2BFC844700C673E9 /* Color.swift in Sources */ = {isa = PBXBuildFile; fileRef = C299A31A2BFC844700C673E9 /* Color.swift */; };
		C299A3212BFC908B00C673E9 /* HomeView.swift in Sources */ = {isa = PBXBuildFile; fileRef = C299A3202BFC908B00C673E9 /* HomeView.swift */; };
		C299A3252BFC91D200C673E9 /* CircleButtonView.swift in Sources */ = {isa = PBXBuildFile; fileRef = C299A3242BFC91D200C673E9 /* CircleButtonView.swift */; };
		C299A3272BFC9B2200C673E9 /* CircleButtonAnimationView.swift in Sources */ = {isa = PBXBuildFile; fileRef = C299A3262BFC9B2200C673E9 /* CircleButtonAnimationView.swift */; };
		C299A32A2BFC9EFC00C673E9 /* CoinModel.swift in Sources */ = {isa = PBXBuildFile; fileRef = C299A3292BFC9EFC00C673E9 /* CoinModel.swift */; };
		C299A32E2BFCAE6500C673E9 /* CoinRowView.swift in Sources */ = {isa = PBXBuildFile; fileRef = C299A32D2BFCAE6500C673E9 /* CoinRowView.swift */; };
		C299A3302BFCAEBB00C673E9 /* PreviewProvider.swift in Sources */ = {isa = PBXBuildFile; fileRef = C299A32F2BFCAEBB00C673E9 /* PreviewProvider.swift */; };
		C299A3322BFCB5C400C673E9 /* Double.swift in Sources */ = {isa = PBXBuildFile; fileRef = C299A3312BFCB5C400C673E9 /* Double.swift */; };
		C2A38F402BFF013A0069FC5D /* SearchBarView.swift in Sources */ = {isa = PBXBuildFile; fileRef = C2A38F3F2BFF013A0069FC5D /* SearchBarView.swift */; };
		C2A38F422BFF09460069FC5D /* UIApplication.swift in Sources */ = {isa = PBXBuildFile; fileRef = C2A38F412BFF09460069FC5D /* UIApplication.swift */; };
		C2A38F442BFF38A50069FC5D /* StatisticModel.swift in Sources */ = {isa = PBXBuildFile; fileRef = C2A38F432BFF38A50069FC5D /* StatisticModel.swift */; };
		C2A38F462BFF3A620069FC5D /* StatisticView.swift in Sources */ = {isa = PBXBuildFile; fileRef = C2A38F452BFF3A610069FC5D /* StatisticView.swift */; };
		C2A38F482BFF3EC90069FC5D /* HomeStatsView.swift in Sources */ = {isa = PBXBuildFile; fileRef = C2A38F472BFF3EC90069FC5D /* HomeStatsView.swift */; };
		C2A38F4A2BFF5C310069FC5D /* MarketDataModel.swift in Sources */ = {isa = PBXBuildFile; fileRef = C2A38F492BFF5C310069FC5D /* MarketDataModel.swift */; };
		C2A38F4C2BFF60620069FC5D /* MarketDataService.swift in Sources */ = {isa = PBXBuildFile; fileRef = C2A38F4B2BFF60620069FC5D /* MarketDataService.swift */; };
/* End PBXBuildFile section */

/* Begin PBXFileReference section */
		C26BCB002C045906000377E4 /* PortfolioConainer.xcdatamodel */ = {isa = PBXFileReference; lastKnownFileType = wrapper.xcdatamodel; path = PortfolioConainer.xcdatamodel; sourceTree = "<group>"; };
		C26BCB022C045D67000377E4 /* PortfolioDataService.swift */ = {isa = PBXFileReference; lastKnownFileType = sourcecode.swift; path = PortfolioDataService.swift; sourceTree = "<group>"; };
		C28381C62C0078C6001952C3 /* XMarkButton.swift */ = {isa = PBXFileReference; lastKnownFileType = sourcecode.swift; path = XMarkButton.swift; sourceTree = "<group>"; };
		C28381C82C007DE2001952C3 /* CoinLogoView.swift */ = {isa = PBXFileReference; lastKnownFileType = sourcecode.swift; path = CoinLogoView.swift; sourceTree = "<group>"; };
		C29127322C0060A500CBEC05 /* PortfolioView.swift */ = {isa = PBXFileReference; lastKnownFileType = sourcecode.swift; path = PortfolioView.swift; sourceTree = "<group>"; };
		C2918F992BFDACCB00701331 /* HomeViewModel.swift */ = {isa = PBXFileReference; lastKnownFileType = sourcecode.swift; path = HomeViewModel.swift; sourceTree = "<group>"; };
		C2918F9C2BFDB67B00701331 /* CoinDataService.swift */ = {isa = PBXFileReference; lastKnownFileType = sourcecode.swift; path = CoinDataService.swift; sourceTree = "<group>"; };
		C2918F9F2BFDCDB700701331 /* NetworkingManager.swift */ = {isa = PBXFileReference; lastKnownFileType = sourcecode.swift; path = NetworkingManager.swift; sourceTree = "<group>"; };
		C2918FA22BFDEDCE00701331 /* CoinImageView.swift */ = {isa = PBXFileReference; lastKnownFileType = sourcecode.swift; path = CoinImageView.swift; sourceTree = "<group>"; };
		C2918FA42BFDFC4500701331 /* CoinImageService.swift */ = {isa = PBXFileReference; lastKnownFileType = sourcecode.swift; path = CoinImageService.swift; sourceTree = "<group>"; };
		C2918FA62BFE011300701331 /* CoinImageViewModel.swift */ = {isa = PBXFileReference; lastKnownFileType = sourcecode.swift; path = CoinImageViewModel.swift; sourceTree = "<group>"; };
		C2918FA82BFE06E200701331 /* LocalFileManager.swift */ = {isa = PBXFileReference; lastKnownFileType = sourcecode.swift; path = LocalFileManager.swift; sourceTree = "<group>"; };
		C29290A72C05BD1E000B9D61 /* HapticManager.swift */ = {isa = PBXFileReference; lastKnownFileType = sourcecode.swift; path = HapticManager.swift; sourceTree = "<group>"; };
		C299A3082BFC7F0A00C673E9 /* SwiftfulCrypto.app */ = {isa = PBXFileReference; explicitFileType = wrapper.application; includeInIndex = 0; path = SwiftfulCrypto.app; sourceTree = BUILT_PRODUCTS_DIR; };
		C299A30B2BFC7F0A00C673E9 /* SwiftfulCryptoApp.swift */ = {isa = PBXFileReference; lastKnownFileType = sourcecode.swift; path = SwiftfulCryptoApp.swift; sourceTree = "<group>"; };
		C299A30D2BFC7F0A00C673E9 /* ContentView.swift */ = {isa = PBXFileReference; lastKnownFileType = sourcecode.swift; path = ContentView.swift; sourceTree = "<group>"; };
		C299A30F2BFC7F0C00C673E9 /* Assets.xcassets */ = {isa = PBXFileReference; lastKnownFileType = folder.assetcatalog; path = Assets.xcassets; sourceTree = "<group>"; };
		C299A3122BFC7F0C00C673E9 /* Preview Assets.xcassets */ = {isa = PBXFileReference; lastKnownFileType = folder.assetcatalog; path = "Preview Assets.xcassets"; sourceTree = "<group>"; };
		C299A31A2BFC844700C673E9 /* Color.swift */ = {isa = PBXFileReference; lastKnownFileType = sourcecode.swift; path = Color.swift; sourceTree = "<group>"; };
		C299A3202BFC908B00C673E9 /* HomeView.swift */ = {isa = PBXFileReference; lastKnownFileType = sourcecode.swift; path = HomeView.swift; sourceTree = "<group>"; };
		C299A3242BFC91D200C673E9 /* CircleButtonView.swift */ = {isa = PBXFileReference; lastKnownFileType = sourcecode.swift; path = CircleButtonView.swift; sourceTree = "<group>"; };
		C299A3262BFC9B2200C673E9 /* CircleButtonAnimationView.swift */ = {isa = PBXFileReference; lastKnownFileType = sourcecode.swift; path = CircleButtonAnimationView.swift; sourceTree = "<group>"; };
		C299A3292BFC9EFC00C673E9 /* CoinModel.swift */ = {isa = PBXFileReference; lastKnownFileType = sourcecode.swift; path = CoinModel.swift; sourceTree = "<group>"; };
		C299A32D2BFCAE6500C673E9 /* CoinRowView.swift */ = {isa = PBXFileReference; lastKnownFileType = sourcecode.swift; path = CoinRowView.swift; sourceTree = "<group>"; };
		C299A32F2BFCAEBB00C673E9 /* PreviewProvider.swift */ = {isa = PBXFileReference; lastKnownFileType = sourcecode.swift; path = PreviewProvider.swift; sourceTree = "<group>"; };
		C299A3312BFCB5C400C673E9 /* Double.swift */ = {isa = PBXFileReference; fileEncoding = 4; lastKnownFileType = sourcecode.swift; path = Double.swift; sourceTree = "<group>"; };
		C2A38F3F2BFF013A0069FC5D /* SearchBarView.swift */ = {isa = PBXFileReference; lastKnownFileType = sourcecode.swift; path = SearchBarView.swift; sourceTree = "<group>"; };
		C2A38F412BFF09460069FC5D /* UIApplication.swift */ = {isa = PBXFileReference; lastKnownFileType = sourcecode.swift; path = UIApplication.swift; sourceTree = "<group>"; };
		C2A38F432BFF38A50069FC5D /* StatisticModel.swift */ = {isa = PBXFileReference; lastKnownFileType = sourcecode.swift; path = StatisticModel.swift; sourceTree = "<group>"; };
		C2A38F452BFF3A610069FC5D /* StatisticView.swift */ = {isa = PBXFileReference; lastKnownFileType = sourcecode.swift; path = StatisticView.swift; sourceTree = "<group>"; };
		C2A38F472BFF3EC90069FC5D /* HomeStatsView.swift */ = {isa = PBXFileReference; lastKnownFileType = sourcecode.swift; path = HomeStatsView.swift; sourceTree = "<group>"; };
		C2A38F492BFF5C310069FC5D /* MarketDataModel.swift */ = {isa = PBXFileReference; lastKnownFileType = sourcecode.swift; path = MarketDataModel.swift; sourceTree = "<group>"; };
		C2A38F4B2BFF60620069FC5D /* MarketDataService.swift */ = {isa = PBXFileReference; lastKnownFileType = sourcecode.swift; path = MarketDataService.swift; sourceTree = "<group>"; };
/* End PBXFileReference section */

/* Begin PBXFrameworksBuildPhase section */
		C299A3052BFC7F0A00C673E9 /* Frameworks */ = {
			isa = PBXFrameworksBuildPhase;
			buildActionMask = 2147483647;
			files = (
			);
			runOnlyForDeploymentPostprocessing = 0;
		};
/* End PBXFrameworksBuildPhase section */

/* Begin PBXGroup section */
		C2918F9B2BFDB65000701331 /* Services */ = {
			isa = PBXGroup;
			children = (
				C2918F9C2BFDB67B00701331 /* CoinDataService.swift */,
				C2918FA42BFDFC4500701331 /* CoinImageService.swift */,
				C2A38F4B2BFF60620069FC5D /* MarketDataService.swift */,
				C26BCB022C045D67000377E4 /* PortfolioDataService.swift */,
			);
			path = Services;
			sourceTree = "<group>";
		};
		C2918F9E2BFDCD8100701331 /* Utilities */ = {
			isa = PBXGroup;
			children = (
				C2918F9F2BFDCDB700701331 /* NetworkingManager.swift */,
				C2918FA82BFE06E200701331 /* LocalFileManager.swift */,
				C29290A72C05BD1E000B9D61 /* HapticManager.swift */,
			);
			path = Utilities;
			sourceTree = "<group>";
		};
		C2918FA12BFDEDB100701331 /* CoinImage */ = {
			isa = PBXGroup;
			children = (
				C2918FA22BFDEDCE00701331 /* CoinImageView.swift */,
				C2918FA62BFE011300701331 /* CoinImageViewModel.swift */,
				C28381C82C007DE2001952C3 /* CoinLogoView.swift */,
			);
			path = CoinImage;
			sourceTree = "<group>";
		};
		C299A2FF2BFC7F0A00C673E9 = {
			isa = PBXGroup;
			children = (
				C299A30A2BFC7F0A00C673E9 /* SwiftfulCrypto */,
				C299A3092BFC7F0A00C673E9 /* Products */,
			);
			sourceTree = "<group>";
		};
		C299A3092BFC7F0A00C673E9 /* Products */ = {
			isa = PBXGroup;
			children = (
				C299A3082BFC7F0A00C673E9 /* SwiftfulCrypto.app */,
			);
			name = Products;
			sourceTree = "<group>";
		};
		C299A30A2BFC7F0A00C673E9 /* SwiftfulCrypto */ = {
			isa = PBXGroup;
			children = (
				C299A30B2BFC7F0A00C673E9 /* SwiftfulCryptoApp.swift */,
				C2918F9E2BFDCD8100701331 /* Utilities */,
				C299A3192BFC842C00C673E9 /* Extensions */,
				C2918F9B2BFDB65000701331 /* Services */,
				C299A3282BFC9EEA00C673E9 /* Models */,
				C299A31C2BFC905A00C673E9 /* Core */,
				C299A30D2BFC7F0A00C673E9 /* ContentView.swift */,
				C299A30F2BFC7F0C00C673E9 /* Assets.xcassets */,
				C299A3112BFC7F0C00C673E9 /* Preview Content */,
			);
			path = SwiftfulCrypto;
			sourceTree = "<group>";
		};
		C299A3112BFC7F0C00C673E9 /* Preview Content */ = {
			isa = PBXGroup;
			children = (
				C299A3122BFC7F0C00C673E9 /* Preview Assets.xcassets */,
			);
			path = "Preview Content";
			sourceTree = "<group>";
		};
		C299A3192BFC842C00C673E9 /* Extensions */ = {
			isa = PBXGroup;
			children = (
				C299A31A2BFC844700C673E9 /* Color.swift */,
				C299A32F2BFCAEBB00C673E9 /* PreviewProvider.swift */,
				C299A3312BFCB5C400C673E9 /* Double.swift */,
				C2A38F412BFF09460069FC5D /* UIApplication.swift */,
			);
			path = Extensions;
			sourceTree = "<group>";
		};
		C299A31C2BFC905A00C673E9 /* Core */ = {
			isa = PBXGroup;
			children = (
				C299A3222BFC91A400C673E9 /* Components */,
				C299A31D2BFC906400C673E9 /* Home */,
			);
			path = Core;
			sourceTree = "<group>";
		};
		C299A31D2BFC906400C673E9 /* Home */ = {
			isa = PBXGroup;
			children = (
				C299A31F2BFC907300C673E9 /* ViewModels */,
				C299A31E2BFC906E00C673E9 /* Views */,
			);
			path = Home;
			sourceTree = "<group>";
		};
		C299A31E2BFC906E00C673E9 /* Views */ = {
			isa = PBXGroup;
			children = (
				C299A3202BFC908B00C673E9 /* HomeView.swift */,
				C2A38F472BFF3EC90069FC5D /* HomeStatsView.swift */,
				C299A32D2BFCAE6500C673E9 /* CoinRowView.swift */,
				C29127322C0060A500CBEC05 /* PortfolioView.swift */,
			);
			path = Views;
			sourceTree = "<group>";
		};
		C299A31F2BFC907300C673E9 /* ViewModels */ = {
			isa = PBXGroup;
			children = (
				C2918F992BFDACCB00701331 /* HomeViewModel.swift */,
			);
			path = ViewModels;
			sourceTree = "<group>";
		};
		C299A3222BFC91A400C673E9 /* Components */ = {
			isa = PBXGroup;
			children = (
				C2918FA12BFDEDB100701331 /* CoinImage */,
				C299A3232BFC91C300C673E9 /* CircleButton */,
				C2A38F3F2BFF013A0069FC5D /* SearchBarView.swift */,
				C2A38F452BFF3A610069FC5D /* StatisticView.swift */,
				C28381C62C0078C6001952C3 /* XMarkButton.swift */,
			);
			path = Components;
			sourceTree = "<group>";
		};
		C299A3232BFC91C300C673E9 /* CircleButton */ = {
			isa = PBXGroup;
			children = (
				C299A3242BFC91D200C673E9 /* CircleButtonView.swift */,
				C299A3262BFC9B2200C673E9 /* CircleButtonAnimationView.swift */,
			);
			path = CircleButton;
			sourceTree = "<group>";
		};
		C299A3282BFC9EEA00C673E9 /* Models */ = {
			isa = PBXGroup;
			children = (
				C299A3292BFC9EFC00C673E9 /* CoinModel.swift */,
				C2A38F432BFF38A50069FC5D /* StatisticModel.swift */,
				C2A38F492BFF5C310069FC5D /* MarketDataModel.swift */,
				C26BCAFF2C045906000377E4 /* PortfolioContainer.xcdatamodeld */,
			);
			path = Models;
			sourceTree = "<group>";
		};
/* End PBXGroup section */

/* Begin PBXNativeTarget section */
		C299A3072BFC7F0A00C673E9 /* SwiftfulCrypto */ = {
			isa = PBXNativeTarget;
			buildConfigurationList = C299A3162BFC7F0C00C673E9 /* Build configuration list for PBXNativeTarget "SwiftfulCrypto" */;
			buildPhases = (
				C299A3042BFC7F0A00C673E9 /* Sources */,
				C299A3052BFC7F0A00C673E9 /* Frameworks */,
				C299A3062BFC7F0A00C673E9 /* Resources */,
			);
			buildRules = (
			);
			dependencies = (
			);
			name = SwiftfulCrypto;
			productName = SwiftfulCrypto;
			productReference = C299A3082BFC7F0A00C673E9 /* SwiftfulCrypto.app */;
			productType = "com.apple.product-type.application";
		};
/* End PBXNativeTarget section */

/* Begin PBXProject section */
		C299A3002BFC7F0A00C673E9 /* Project object */ = {
			isa = PBXProject;
			attributes = {
				BuildIndependentTargetsInParallel = 1;
				LastSwiftUpdateCheck = 1420;
				LastUpgradeCheck = 1420;
				TargetAttributes = {
					C299A3072BFC7F0A00C673E9 = {
						CreatedOnToolsVersion = 14.2;
					};
				};
			};
			buildConfigurationList = C299A3032BFC7F0A00C673E9 /* Build configuration list for PBXProject "SwiftfulCrypto" */;
			compatibilityVersion = "Xcode 14.0";
			developmentRegion = en;
			hasScannedForEncodings = 0;
			knownRegions = (
				en,
				Base,
			);
			mainGroup = C299A2FF2BFC7F0A00C673E9;
			productRefGroup = C299A3092BFC7F0A00C673E9 /* Products */;
			projectDirPath = "";
			projectRoot = "";
			targets = (
				C299A3072BFC7F0A00C673E9 /* SwiftfulCrypto */,
			);
		};
/* End PBXProject section */

/* Begin PBXResourcesBuildPhase section */
		C299A3062BFC7F0A00C673E9 /* Resources */ = {
			isa = PBXResourcesBuildPhase;
			buildActionMask = 2147483647;
			files = (
				C299A3132BFC7F0C00C673E9 /* Preview Assets.xcassets in Resources */,
				C299A3102BFC7F0C00C673E9 /* Assets.xcassets in Resources */,
			);
			runOnlyForDeploymentPostprocessing = 0;
		};
/* End PBXResourcesBuildPhase section */

/* Begin PBXSourcesBuildPhase section */
		C299A3042BFC7F0A00C673E9 /* Sources */ = {
			isa = PBXSourcesBuildPhase;
			buildActionMask = 2147483647;
			files = (
				C2918F9D2BFDB67B00701331 /* CoinDataService.swift in Sources */,
				C299A32E2BFCAE6500C673E9 /* CoinRowView.swift in Sources */,
				C2918F9A2BFDACCB00701331 /* HomeViewModel.swift in Sources */,
				C28381C72C0078C6001952C3 /* XMarkButton.swift in Sources */,
				C299A31B2BFC844700C673E9 /* Color.swift in Sources */,
				C2918FA92BFE06E200701331 /* LocalFileManager.swift in Sources */,
				C299A3212BFC908B00C673E9 /* HomeView.swift in Sources */,
				C26BCB012C045906000377E4 /* PortfolioContainer.xcdatamodeld in Sources */,
				C2A38F4A2BFF5C310069FC5D /* MarketDataModel.swift in Sources */,
				C2918FA32BFDEDCE00701331 /* CoinImageView.swift in Sources */,
				C2A38F462BFF3A620069FC5D /* StatisticView.swift in Sources */,
				C299A30E2BFC7F0A00C673E9 /* ContentView.swift in Sources */,
				C2A38F422BFF09460069FC5D /* UIApplication.swift in Sources */,
				C2A38F442BFF38A50069FC5D /* StatisticModel.swift in Sources */,
				C299A3252BFC91D200C673E9 /* CircleButtonView.swift in Sources */,
				C299A30C2BFC7F0A00C673E9 /* SwiftfulCryptoApp.swift in Sources */,
				C29290A82C05BD1E000B9D61 /* HapticManager.swift in Sources */,
				C2A38F402BFF013A0069FC5D /* SearchBarView.swift in Sources */,
				C2918FA02BFDCDB700701331 /* NetworkingManager.swift in Sources */,
				C28381C92C007DE2001952C3 /* CoinLogoView.swift in Sources */,
				C2A38F482BFF3EC90069FC5D /* HomeStatsView.swift in Sources */,
				C2A38F4C2BFF60620069FC5D /* MarketDataService.swift in Sources */,
				C299A3272BFC9B2200C673E9 /* CircleButtonAnimationView.swift in Sources */,
				C2918FA72BFE011300701331 /* CoinImageViewModel.swift in Sources */,
				C299A3302BFCAEBB00C673E9 /* PreviewProvider.swift in Sources */,
				C29127332C0060A500CBEC05 /* PortfolioView.swift in Sources */,
				C299A3322BFCB5C400C673E9 /* Double.swift in Sources */,
				C2918FA52BFDFC4500701331 /* CoinImageService.swift in Sources */,
				C299A32A2BFC9EFC00C673E9 /* CoinModel.swift in Sources */,
				C26BCB032C045D67000377E4 /* PortfolioDataService.swift in Sources */,
			);
			runOnlyForDeploymentPostprocessing = 0;
		};
/* End PBXSourcesBuildPhase section */

/* Begin XCBuildConfiguration section */
		C299A3142BFC7F0C00C673E9 /* Debug */ = {
			isa = XCBuildConfiguration;
			buildSettings = {
				ALWAYS_SEARCH_USER_PATHS = NO;
				CLANG_ANALYZER_NONNULL = YES;
				CLANG_ANALYZER_NUMBER_OBJECT_CONVERSION = YES_AGGRESSIVE;
				CLANG_CXX_LANGUAGE_STANDARD = "gnu++20";
				CLANG_ENABLE_MODULES = YES;
				CLANG_ENABLE_OBJC_ARC = YES;
				CLANG_ENABLE_OBJC_WEAK = YES;
				CLANG_WARN_BLOCK_CAPTURE_AUTORELEASING = YES;
				CLANG_WARN_BOOL_CONVERSION = YES;
				CLANG_WARN_COMMA = YES;
				CLANG_WARN_CONSTANT_CONVERSION = YES;
				CLANG_WARN_DEPRECATED_OBJC_IMPLEMENTATIONS = YES;
				CLANG_WARN_DIRECT_OBJC_ISA_USAGE = YES_ERROR;
				CLANG_WARN_DOCUMENTATION_COMMENTS = YES;
				CLANG_WARN_EMPTY_BODY = YES;
				CLANG_WARN_ENUM_CONVERSION = YES;
				CLANG_WARN_INFINITE_RECURSION = YES;
				CLANG_WARN_INT_CONVERSION = YES;
				CLANG_WARN_NON_LITERAL_NULL_CONVERSION = YES;
				CLANG_WARN_OBJC_IMPLICIT_RETAIN_SELF = YES;
				CLANG_WARN_OBJC_LITERAL_CONVERSION = YES;
				CLANG_WARN_OBJC_ROOT_CLASS = YES_ERROR;
				CLANG_WARN_QUOTED_INCLUDE_IN_FRAMEWORK_HEADER = YES;
				CLANG_WARN_RANGE_LOOP_ANALYSIS = YES;
				CLANG_WARN_STRICT_PROTOTYPES = YES;
				CLANG_WARN_SUSPICIOUS_MOVE = YES;
				CLANG_WARN_UNGUARDED_AVAILABILITY = YES_AGGRESSIVE;
				CLANG_WARN_UNREACHABLE_CODE = YES;
				CLANG_WARN__DUPLICATE_METHOD_MATCH = YES;
				COPY_PHASE_STRIP = NO;
				DEBUG_INFORMATION_FORMAT = dwarf;
				ENABLE_STRICT_OBJC_MSGSEND = YES;
				ENABLE_TESTABILITY = YES;
				GCC_C_LANGUAGE_STANDARD = gnu11;
				GCC_DYNAMIC_NO_PIC = NO;
				GCC_NO_COMMON_BLOCKS = YES;
				GCC_OPTIMIZATION_LEVEL = 0;
				GCC_PREPROCESSOR_DEFINITIONS = (
					"DEBUG=1",
					"$(inherited)",
				);
				GCC_WARN_64_TO_32_BIT_CONVERSION = YES;
				GCC_WARN_ABOUT_RETURN_TYPE = YES_ERROR;
				GCC_WARN_UNDECLARED_SELECTOR = YES;
				GCC_WARN_UNINITIALIZED_AUTOS = YES_AGGRESSIVE;
				GCC_WARN_UNUSED_FUNCTION = YES;
				GCC_WARN_UNUSED_VARIABLE = YES;
				IPHONEOS_DEPLOYMENT_TARGET = 16.2;
				MTL_ENABLE_DEBUG_INFO = INCLUDE_SOURCE;
				MTL_FAST_MATH = YES;
				ONLY_ACTIVE_ARCH = YES;
				SDKROOT = iphoneos;
				SWIFT_ACTIVE_COMPILATION_CONDITIONS = DEBUG;
				SWIFT_OPTIMIZATION_LEVEL = "-Onone";
			};
			name = Debug;
		};
		C299A3152BFC7F0C00C673E9 /* Release */ = {
			isa = XCBuildConfiguration;
			buildSettings = {
				ALWAYS_SEARCH_USER_PATHS = NO;
				CLANG_ANALYZER_NONNULL = YES;
				CLANG_ANALYZER_NUMBER_OBJECT_CONVERSION = YES_AGGRESSIVE;
				CLANG_CXX_LANGUAGE_STANDARD = "gnu++20";
				CLANG_ENABLE_MODULES = YES;
				CLANG_ENABLE_OBJC_ARC = YES;
				CLANG_ENABLE_OBJC_WEAK = YES;
				CLANG_WARN_BLOCK_CAPTURE_AUTORELEASING = YES;
				CLANG_WARN_BOOL_CONVERSION = YES;
				CLANG_WARN_COMMA = YES;
				CLANG_WARN_CONSTANT_CONVERSION = YES;
				CLANG_WARN_DEPRECATED_OBJC_IMPLEMENTATIONS = YES;
				CLANG_WARN_DIRECT_OBJC_ISA_USAGE = YES_ERROR;
				CLANG_WARN_DOCUMENTATION_COMMENTS = YES;
				CLANG_WARN_EMPTY_BODY = YES;
				CLANG_WARN_ENUM_CONVERSION = YES;
				CLANG_WARN_INFINITE_RECURSION = YES;
				CLANG_WARN_INT_CONVERSION = YES;
				CLANG_WARN_NON_LITERAL_NULL_CONVERSION = YES;
				CLANG_WARN_OBJC_IMPLICIT_RETAIN_SELF = YES;
				CLANG_WARN_OBJC_LITERAL_CONVERSION = YES;
				CLANG_WARN_OBJC_ROOT_CLASS = YES_ERROR;
				CLANG_WARN_QUOTED_INCLUDE_IN_FRAMEWORK_HEADER = YES;
				CLANG_WARN_RANGE_LOOP_ANALYSIS = YES;
				CLANG_WARN_STRICT_PROTOTYPES = YES;
				CLANG_WARN_SUSPICIOUS_MOVE = YES;
				CLANG_WARN_UNGUARDED_AVAILABILITY = YES_AGGRESSIVE;
				CLANG_WARN_UNREACHABLE_CODE = YES;
				CLANG_WARN__DUPLICATE_METHOD_MATCH = YES;
				COPY_PHASE_STRIP = NO;
				DEBUG_INFORMATION_FORMAT = "dwarf-with-dsym";
				ENABLE_NS_ASSERTIONS = NO;
				ENABLE_STRICT_OBJC_MSGSEND = YES;
				GCC_C_LANGUAGE_STANDARD = gnu11;
				GCC_NO_COMMON_BLOCKS = YES;
				GCC_WARN_64_TO_32_BIT_CONVERSION = YES;
				GCC_WARN_ABOUT_RETURN_TYPE = YES_ERROR;
				GCC_WARN_UNDECLARED_SELECTOR = YES;
				GCC_WARN_UNINITIALIZED_AUTOS = YES_AGGRESSIVE;
				GCC_WARN_UNUSED_FUNCTION = YES;
				GCC_WARN_UNUSED_VARIABLE = YES;
				IPHONEOS_DEPLOYMENT_TARGET = 16.2;
				MTL_ENABLE_DEBUG_INFO = NO;
				MTL_FAST_MATH = YES;
				SDKROOT = iphoneos;
				SWIFT_COMPILATION_MODE = wholemodule;
				SWIFT_OPTIMIZATION_LEVEL = "-O";
				VALIDATE_PRODUCT = YES;
			};
			name = Release;
		};
		C299A3172BFC7F0C00C673E9 /* Debug */ = {
			isa = XCBuildConfiguration;
			buildSettings = {
				ASSETCATALOG_COMPILER_APPICON_NAME = AppIcon;
				ASSETCATALOG_COMPILER_GLOBAL_ACCENT_COLOR_NAME = AccentColor;
				CODE_SIGN_STYLE = Automatic;
				CURRENT_PROJECT_VERSION = 1;
				DEVELOPMENT_ASSET_PATHS = "\"SwiftfulCrypto/Preview Content\"";
				ENABLE_PREVIEWS = YES;
				GENERATE_INFOPLIST_FILE = YES;
				INFOPLIST_FILE = SwiftfulCrypto/Info.plist;
				INFOPLIST_KEY_CFBundleDisplayName = "Crypto Tracker";
				INFOPLIST_KEY_UIApplicationSceneManifest_Generation = YES;
				INFOPLIST_KEY_UIApplicationSupportsIndirectInputEvents = YES;
				INFOPLIST_KEY_UILaunchScreen_Generation = YES;
				INFOPLIST_KEY_UISupportedInterfaceOrientations = "UIInterfaceOrientationLandscapeLeft UIInterfaceOrientationPortrait";
				INFOPLIST_KEY_UISupportedInterfaceOrientations_iPad = "UIInterfaceOrientationPortrait UIInterfaceOrientationPortraitUpsideDown";
				LD_RUNPATH_SEARCH_PATHS = (
					"$(inherited)",
					"@executable_path/Frameworks",
				);
				MARKETING_VERSION = 1.0;
				PRODUCT_BUNDLE_IDENTIFIER = com.bandan.me.SwiftfulCrypto;
				PRODUCT_NAME = "$(TARGET_NAME)";
				SWIFT_EMIT_LOC_STRINGS = YES;
				SWIFT_VERSION = 5.0;
				TARGETED_DEVICE_FAMILY = "1,2";
			};
			name = Debug;
		};
		C299A3182BFC7F0C00C673E9 /* Release */ = {
			isa = XCBuildConfiguration;
			buildSettings = {
				ASSETCATALOG_COMPILER_APPICON_NAME = AppIcon;
				ASSETCATALOG_COMPILER_GLOBAL_ACCENT_COLOR_NAME = AccentColor;
				CODE_SIGN_STYLE = Automatic;
				CURRENT_PROJECT_VERSION = 1;
				DEVELOPMENT_ASSET_PATHS = "\"SwiftfulCrypto/Preview Content\"";
				ENABLE_PREVIEWS = YES;
				GENERATE_INFOPLIST_FILE = YES;
				INFOPLIST_FILE = SwiftfulCrypto/Info.plist;
				INFOPLIST_KEY_CFBundleDisplayName = "Crypto Tracker";
				INFOPLIST_KEY_UIApplicationSceneManifest_Generation = YES;
				INFOPLIST_KEY_UIApplicationSupportsIndirectInputEvents = YES;
				INFOPLIST_KEY_UILaunchScreen_Generation = YES;
				INFOPLIST_KEY_UISupportedInterfaceOrientations = "UIInterfaceOrientationLandscapeLeft UIInterfaceOrientationPortrait";
				INFOPLIST_KEY_UISupportedInterfaceOrientations_iPad = "UIInterfaceOrientationPortrait UIInterfaceOrientationPortraitUpsideDown";
				LD_RUNPATH_SEARCH_PATHS = (
					"$(inherited)",
					"@executable_path/Frameworks",
				);
				MARKETING_VERSION = 1.0;
				PRODUCT_BUNDLE_IDENTIFIER = com.bandan.me.SwiftfulCrypto;
				PRODUCT_NAME = "$(TARGET_NAME)";
				SWIFT_EMIT_LOC_STRINGS = YES;
				SWIFT_VERSION = 5.0;
				TARGETED_DEVICE_FAMILY = "1,2";
			};
			name = Release;
		};
/* End XCBuildConfiguration section */

/* Begin XCConfigurationList section */
		C299A3032BFC7F0A00C673E9 /* Build configuration list for PBXProject "SwiftfulCrypto" */ = {
			isa = XCConfigurationList;
			buildConfigurations = (
				C299A3142BFC7F0C00C673E9 /* Debug */,
				C299A3152BFC7F0C00C673E9 /* Release */,
			);
			defaultConfigurationIsVisible = 0;
			defaultConfigurationName = Release;
		};
		C299A3162BFC7F0C00C673E9 /* Build configuration list for PBXNativeTarget "SwiftfulCrypto" */ = {
			isa = XCConfigurationList;
			buildConfigurations = (
				C299A3172BFC7F0C00C673E9 /* Debug */,
				C299A3182BFC7F0C00C673E9 /* Release */,
			);
			defaultConfigurationIsVisible = 0;
			defaultConfigurationName = Release;
		};
/* End XCConfigurationList section */

/* Begin XCVersionGroup section */
		C26BCAFF2C045906000377E4 /* PortfolioContainer.xcdatamodeld */ = {
			isa = XCVersionGroup;
			children = (
				C26BCB002C045906000377E4 /* PortfolioConainer.xcdatamodel */,
			);
			currentVersion = C26BCB002C045906000377E4 /* PortfolioConainer.xcdatamodel */;
			path = PortfolioContainer.xcdatamodeld;
			sourceTree = "<group>";
			versionGroupType = wrapper.xcdatamodel;
		};
/* End XCVersionGroup section */
	};
	rootObject = C299A3002BFC7F0A00C673E9 /* Project object */;
}
